
Microsoft Visual Studio Solution File, Format Version 12.00
# Visual Studio Version 17
VisualStudioVersion = 17.5.33627.172
MinimumVisualStudioVersion = 10.0.40219.1
Project("{2150E333-8FDC-42A3-9474-1A3956D46DE8}") = "src", "src", "{5F043E37-FAA0-4015-9016-E51E9707AC4A}"
EndProject
Project("{2150E333-8FDC-42A3-9474-1A3956D46DE8}") = "test", "test", "{68C7DD7B-4ED9-43EA-9CCC-B25172E221F7}"
EndProject
Project("{2150E333-8FDC-42A3-9474-1A3956D46DE8}") = "API", "API", "{DB500666-4446-4F58-A1CA-2AF5B3499EDE}"
EndProject
Project("{2150E333-8FDC-42A3-9474-1A3956D46DE8}") = "Core", "Core", "{F81EF8A2-0518-4670-8E19-D1E8E3D4818C}"
EndProject
Project("{2150E333-8FDC-42A3-9474-1A3956D46DE8}") = "UI", "UI", "{3686F40A-B4B0-497A-A55C-87444B8399DD}"
EndProject
Project("{2150E333-8FDC-42A3-9474-1A3956D46DE8}") = "Infrastructure", "Infrastructure", "{47D3E2FE-6135-49A9-BA13-396EF27036A0}"
EndProject
Project("{FAE04EC0-301F-11D3-BF4B-00C04F79EFBC}") = "HR.LeaveManagement.Domain", "HR.LeaveManagement.Domain\HR.LeaveManagement.Domain.csproj", "{C8646B30-D6C8-40DC-A2CC-C2627CDD0BB4}"
EndProject
Global
	GlobalSection(SolutionConfigurationPlatforms) = preSolution
		Debug|Any CPU = Debug|Any CPU
		Release|Any CPU = Release|Any CPU
	EndGlobalSection
	GlobalSection(ProjectConfigurationPlatforms) = postSolution
		{C8646B30-D6C8-40DC-A2CC-C2627CDD0BB4}.Debug|Any CPU.ActiveCfg = Debug|Any CPU
		{C8646B30-D6C8-40DC-A2CC-C2627CDD0BB4}.Debug|Any CPU.Build.0 = Debug|Any CPU
		{C8646B30-D6C8-40DC-A2CC-C2627CDD0BB4}.Release|Any CPU.ActiveCfg = Release|Any CPU
		{C8646B30-D6C8-40DC-A2CC-C2627CDD0BB4}.Release|Any CPU.Build.0 = Release|Any CPU
	EndGlobalSection
	GlobalSection(SolutionProperties) = preSolution
		HideSolutionNode = FALSE
	EndGlobalSection
	GlobalSection(NestedProjects) = preSolution
		{DB500666-4446-4F58-A1CA-2AF5B3499EDE} = {5F043E37-FAA0-4015-9016-E51E9707AC4A}
		{F81EF8A2-0518-4670-8E19-D1E8E3D4818C} = {5F043E37-FAA0-4015-9016-E51E9707AC4A}
		{3686F40A-B4B0-497A-A55C-87444B8399DD} = {5F043E37-FAA0-4015-9016-E51E9707AC4A}
		{47D3E2FE-6135-49A9-BA13-396EF27036A0} = {5F043E37-FAA0-4015-9016-E51E9707AC4A}
		{C8646B30-D6C8-40DC-A2CC-C2627CDD0BB4} = {F81EF8A2-0518-4670-8E19-D1E8E3D4818C}
	EndGlobalSection
	GlobalSection(ExtensibilityGlobals) = postSolution
		SolutionGuid = {3B2E2AAE-8799-4548-9738-DCF52BDDAC9A}
	EndGlobalSection
EndGlobal
